<Solution>
  <Folder Name="/content/" />
  <Project Path="Core/Core.csproj" />
  <Project Path="DB.ProjectsAndTasks/DB.ProjectsAndTasks.sqlproj" Id="d12d83c3-b940-42d4-9d66-3611d453fd83">
    <Build />
    <Deploy />
  </Project>
  <Project Path="Infrastructure/Infrastructure.csproj" />
  <Project Path="MyProjectsAndTasks/MyProjectsAndTasks.csproj" />
</Solution>
